
Microsoft Visual Studio Solution File, Format Version 12.00
# Visual Studio Version 16
VisualStudioVersion = 16.0.31911.196
MinimumVisualStudioVersion = 10.0.40219.1
Project("{FAE04EC0-301F-11D3-BF4B-00C04F79EFBC}") = "WindowsFormsApp1", "WindowsFormsApp1\WindowsFormsApp1.csproj", "{4828DFAF-1118-4818-A0CE-0801E9DCA076}"
EndProject
Global
	GlobalSection(SolutionConfigurationPlatforms) = preSolution
		Debug|Any CPU = Debug|Any CPU
		Release|Any CPU = Release|Any CPU
	EndGlobalSection
	GlobalSection(ProjectConfigurationPlatforms) = postSolution
		{4828DFAF-1118-4818-A0CE-0801E9DCA076}.Debug|Any CPU.ActiveCfg = Debug|Any CPU
		{4828DFAF-1118-4818-A0CE-0801E9DCA076}.Debug|Any CPU.Build.0 = Debug|Any CPU
		{4828DFAF-1118-4818-A0CE-0801E9DCA076}.Release|Any CPU.ActiveCfg = Release|Any CPU
		{4828DFAF-1118-4818-A0CE-0801E9DCA076}.Release|Any CPU.Build.0 = Release|Any CPU
	EndGlobalSection
	GlobalSection(SolutionProperties) = preSolution
		HideSolutionNode = FALSE
	EndGlobalSection
	GlobalSection(ExtensibilityGlobals) = postSolution
		SolutionGuid = {EC7BAD18-F4A8-4A1B-A909-BB1CDA59176D}
	EndGlobalSection
EndGlobal
